
Microsoft Visual Studio Solution File, Format Version 12.00
# Visual Studio 14
VisualStudioVersion = 14.0.23107.0
MinimumVisualStudioVersion = 10.0.40219.1
Project("{FAE04EC0-301F-11D3-BF4B-00C04F79EFBC}") = "Log4Net.Loggers", "Log4Net.Loggers\Log4Net.Loggers.csproj", "{8F1FA338-52D3-4E03-B413-1D3AF15FB622}"
EndProject
Project("{FAE04EC0-301F-11D3-BF4B-00C04F79EFBC}") = "Appenders", "Appenders\Appenders.csproj", "{43E62592-FF02-47B1-B225-980EC9832265}"
EndProject
Project("{FAE04EC0-301F-11D3-BF4B-00C04F79EFBC}") = "Log4Net.Layout", "Log4Net.Layout\Log4Net.Layout.csproj", "{E86FD635-5652-447D-8A2D-863B1E1D6F00}"
EndProject
Global
	GlobalSection(SolutionConfigurationPlatforms) = preSolution
		Debug|Any CPU = Debug|Any CPU
		Release|Any CPU = Release|Any CPU
	EndGlobalSection
	GlobalSection(ProjectConfigurationPlatforms) = postSolution
		{8F1FA338-52D3-4E03-B413-1D3AF15FB622}.Debug|Any CPU.ActiveCfg = Debug|Any CPU
		{8F1FA338-52D3-4E03-B413-1D3AF15FB622}.Debug|Any CPU.Build.0 = Debug|Any CPU
		{8F1FA338-52D3-4E03-B413-1D3AF15FB622}.Release|Any CPU.ActiveCfg = Release|Any CPU
		{8F1FA338-52D3-4E03-B413-1D3AF15FB622}.Release|Any CPU.Build.0 = Release|Any CPU
		{43E62592-FF02-47B1-B225-980EC9832265}.Debug|Any CPU.ActiveCfg = Debug|Any CPU
		{43E62592-FF02-47B1-B225-980EC9832265}.Debug|Any CPU.Build.0 = Debug|Any CPU
		{43E62592-FF02-47B1-B225-980EC9832265}.Release|Any CPU.ActiveCfg = Release|Any CPU
		{43E62592-FF02-47B1-B225-980EC9832265}.Release|Any CPU.Build.0 = Release|Any CPU
		{E86FD635-5652-447D-8A2D-863B1E1D6F00}.Debug|Any CPU.ActiveCfg = Debug|Any CPU
		{E86FD635-5652-447D-8A2D-863B1E1D6F00}.Debug|Any CPU.Build.0 = Debug|Any CPU
		{E86FD635-5652-447D-8A2D-863B1E1D6F00}.Release|Any CPU.ActiveCfg = Release|Any CPU
		{E86FD635-5652-447D-8A2D-863B1E1D6F00}.Release|Any CPU.Build.0 = Release|Any CPU
	EndGlobalSection
	GlobalSection(SolutionProperties) = preSolution
		HideSolutionNode = FALSE
	EndGlobalSection
EndGlobal
